
Microsoft Visual Studio Solution File, Format Version 12.00
# Visual Studio 15
VisualStudioVersion = 15.0.27428.2015
MinimumVisualStudioVersion = 10.0.40219.1
Project("{FAE04EC0-301F-11D3-BF4B-00C04F79EFBC}") = "StudentValidation", "StudentValidation\StudentValidation.csproj", "{D0F35306-451A-47BE-A854-BBA15757FAB1}"
EndProject
Global
	GlobalSection(SolutionConfigurationPlatforms) = preSolution
		Debug|Any CPU = Debug|Any CPU
		Release|Any CPU = Release|Any CPU
	EndGlobalSection
	GlobalSection(ProjectConfigurationPlatforms) = postSolution
		{D0F35306-451A-47BE-A854-BBA15757FAB1}.Debug|Any CPU.ActiveCfg = Debug|Any CPU
		{D0F35306-451A-47BE-A854-BBA15757FAB1}.Debug|Any CPU.Build.0 = Debug|Any CPU
		{D0F35306-451A-47BE-A854-BBA15757FAB1}.Release|Any CPU.ActiveCfg = Release|Any CPU
		{D0F35306-451A-47BE-A854-BBA15757FAB1}.Release|Any CPU.Build.0 = Release|Any CPU
	EndGlobalSection
	GlobalSection(SolutionProperties) = preSolution
		HideSolutionNode = FALSE
	EndGlobalSection
	GlobalSection(ExtensibilityGlobals) = postSolution
		SolutionGuid = {C7082E0D-A08B-450E-A29B-606614B4FFD3}
	EndGlobalSection
EndGlobal
